
Microsoft Visual Studio Solution File, Format Version 12.00
# Visual Studio Version 17
VisualStudioVersion = 17.7.34024.191
MinimumVisualStudioVersion = 10.0.40219.1
Project("{FAE04EC0-301F-11D3-BF4B-00C04F79EFBC}") = "UPFleet", "UPFleet\UPFleet.csproj", "{F47176C7-2B71-4307-9299-94DFDC95B3AD}"
EndProject
Global
	GlobalSection(SolutionConfigurationPlatforms) = preSolution
		Debug|Any CPU = Debug|Any CPU
		Release|Any CPU = Release|Any CPU
	EndGlobalSection
	GlobalSection(ProjectConfigurationPlatforms) = postSolution
		{F47176C7-2B71-4307-9299-94DFDC95B3AD}.Debug|Any CPU.ActiveCfg = Debug|Any CPU
		{F47176C7-2B71-4307-9299-94DFDC95B3AD}.Debug|Any CPU.Build.0 = Debug|Any CPU
		{F47176C7-2B71-4307-9299-94DFDC95B3AD}.Release|Any CPU.ActiveCfg = Release|Any CPU
		{F47176C7-2B71-4307-9299-94DFDC95B3AD}.Release|Any CPU.Build.0 = Release|Any CPU
	EndGlobalSection
	GlobalSection(SolutionProperties) = preSolution
		HideSolutionNode = FALSE
	EndGlobalSection
	GlobalSection(ExtensibilityGlobals) = postSolution
		SolutionGuid = {1359272D-B8FA-4533-B357-42A42A5D7B4F}
	EndGlobalSection
EndGlobal
